
Microsoft Visual Studio Solution File, Format Version 12.00
# Visual Studio Version 17
VisualStudioVersion = 17.3.32929.385
MinimumVisualStudioVersion = 10.0.40219.1
Project("{FAE04EC0-301F-11D3-BF4B-00C04F79EFBC}") = "DocumentsQA-Backend", "DocumentsQA-Backend\DocumentsQA-Backend.csproj", "{760C97BE-36BE-496B-BC55-E747189FA84C}"
EndProject
Global
	GlobalSection(SolutionConfigurationPlatforms) = preSolution
		Debug|Any CPU = Debug|Any CPU
		Release|Any CPU = Release|Any CPU
	EndGlobalSection
	GlobalSection(ProjectConfigurationPlatforms) = postSolution
		{760C97BE-36BE-496B-BC55-E747189FA84C}.Debug|Any CPU.ActiveCfg = Debug|Any CPU
		{760C97BE-36BE-496B-BC55-E747189FA84C}.Debug|Any CPU.Build.0 = Debug|Any CPU
		{760C97BE-36BE-496B-BC55-E747189FA84C}.Release|Any CPU.ActiveCfg = Release|Any CPU
		{760C97BE-36BE-496B-BC55-E747189FA84C}.Release|Any CPU.Build.0 = Release|Any CPU
	EndGlobalSection
	GlobalSection(SolutionProperties) = preSolution
		HideSolutionNode = FALSE
	EndGlobalSection
	GlobalSection(ExtensibilityGlobals) = postSolution
		SolutionGuid = {C3176907-2403-4C7E-B2F1-A24ADCAEDF0D}
	EndGlobalSection
EndGlobal
